// !$*UTF8*$!
{
	archiveVersion = 1;
	classes = {
	};
	objectVersion = 48;
	objects = {

/* Begin PBXBuildFile section */
		65A0B0DF201DF93000E5D929 /* UIImage+Extension.swift in Sources */ = {isa = PBXBuildFile; fileRef = 65A0B0DE201DF93000E5D929 /* UIImage+Extension.swift */; };
		65CA88BC20028DB8005E5382 /* AppDelegate.swift in Sources */ = {isa = PBXBuildFile; fileRef = 65CA88BB20028DB8005E5382 /* AppDelegate.swift */; };
		65CA88BE20028DB8005E5382 /* ViewController.swift in Sources */ = {isa = PBXBuildFile; fileRef = 65CA88BD20028DB8005E5382 /* ViewController.swift */; };
		65CA88C120028DB8005E5382 /* Main.storyboard in Resources */ = {isa = PBXBuildFile; fileRef = 65CA88BF20028DB8005E5382 /* Main.storyboard */; };
		65CA88C320028DB8005E5382 /* Assets.xcassets in Resources */ = {isa = PBXBuildFile; fileRef = 65CA88C220028DB8005E5382 /* Assets.xcassets */; };
		65CA88C620028DB8005E5382 /* LaunchScreen.storyboard in Resources */ = {isa = PBXBuildFile; fileRef = 65CA88C420028DB8005E5382 /* LaunchScreen.storyboard */; };
		65CA88CE20028DC6005E5382 /* CustomizableAlertController.swift in Sources */ = {isa = PBXBuildFile; fileRef = 65CA88CD20028DC6005E5382 /* CustomizableAlertController.swift */; };
		65CA88D020028E3E005E5382 /* UIAlertAction+Extension.swift in Sources */ = {isa = PBXBuildFile; fileRef = 65CA88CF20028E3E005E5382 /* UIAlertAction+Extension.swift */; };
		65CA88D22002A8CA005E5382 /* LICENSE in Resources */ = {isa = PBXBuildFile; fileRef = 65CA88D12002A8CA005E5382 /* LICENSE */; };
/* End PBXBuildFile section */

/* Begin PBXFileReference section */
		65A0B0DE201DF93000E5D929 /* UIImage+Extension.swift */ = {isa = PBXFileReference; lastKnownFileType = sourcecode.swift; path = "UIImage+Extension.swift"; sourceTree = "<group>"; };
		65A0B0E3201E097100E5D929 /* CustomAlertController.png */ = {isa = PBXFileReference; lastKnownFileType = image.png; path = CustomAlertController.png; sourceTree = "<group>"; };
		65CA88B820028DB8005E5382 /* CustomizableAlertController.app */ = {isa = PBXFileReference; explicitFileType = wrapper.application; includeInIndex = 0; path = CustomizableAlertController.app; sourceTree = BUILT_PRODUCTS_DIR; };
		65CA88BB20028DB8005E5382 /* AppDelegate.swift */ = {isa = PBXFileReference; lastKnownFileType = sourcecode.swift; path = AppDelegate.swift; sourceTree = "<group>"; };
		65CA88BD20028DB8005E5382 /* ViewController.swift */ = {isa = PBXFileReference; lastKnownFileType = sourcecode.swift; path = ViewController.swift; sourceTree = "<group>"; };
		65CA88C020028DB8005E5382 /* Base */ = {isa = PBXFileReference; lastKnownFileType = file.storyboard; name = Base; path = Base.lproj/Main.storyboard; sourceTree = "<group>"; };
		65CA88C220028DB8005E5382 /* Assets.xcassets */ = {isa = PBXFileReference; lastKnownFileType = folder.assetcatalog; path = Assets.xcassets; sourceTree = "<group>"; };
		65CA88C520028DB8005E5382 /* Base */ = {isa = PBXFileReference; lastKnownFileType = file.storyboard; name = Base; path = Base.lproj/LaunchScreen.storyboard; sourceTree = "<group>"; };
		65CA88C720028DB9005E5382 /* Info.plist */ = {isa = PBXFileReference; lastKnownFileType = text.plist.xml; path = Info.plist; sourceTree = "<group>"; };
		65CA88CD20028DC6005E5382 /* CustomizableAlertController.swift */ = {isa = PBXFileReference; lastKnownFileType = sourcecode.swift; path = CustomizableAlertController.swift; sourceTree = "<group>"; };
		65CA88CF20028E3E005E5382 /* UIAlertAction+Extension.swift */ = {isa = PBXFileReference; lastKnownFileType = sourcecode.swift; path = "UIAlertAction+Extension.swift"; sourceTree = "<group>"; };
		65CA88D12002A8CA005E5382 /* LICENSE */ = {isa = PBXFileReference; lastKnownFileType = text; path = LICENSE; sourceTree = "<group>"; };
		65CA88D32002A8D7005E5382 /* README.md */ = {isa = PBXFileReference; lastKnownFileType = net.daringfireball.markdown; path = README.md; sourceTree = "<group>"; };
/* End PBXFileReference section */

/* Begin PBXFrameworksBuildPhase section */
		65CA88B520028DB8005E5382 /* Frameworks */ = {
			isa = PBXFrameworksBuildPhase;
			buildActionMask = 2147483647;
			files = (
			);
			runOnlyForDeploymentPostprocessing = 0;
		};
/* End PBXFrameworksBuildPhase section */

/* Begin PBXGroup section */
		65A0B0E1201DF94400E5D929 /* Extensions */ = {
			isa = PBXGroup;
			children = (
				65CA88CF20028E3E005E5382 /* UIAlertAction+Extension.swift */,
				65A0B0DE201DF93000E5D929 /* UIImage+Extension.swift */,
			);
			name = Extensions;
			sourceTree = "<group>";
		};
		65A0B0E2201E097100E5D929 /* Screenshots */ = {
			isa = PBXGroup;
			children = (
				65A0B0E3201E097100E5D929 /* CustomAlertController.png */,
			);
			path = Screenshots;
			sourceTree = "<group>";
		};
		65CA88AF20028DB8005E5382 = {
			isa = PBXGroup;
			children = (
				65CA88D32002A8D7005E5382 /* README.md */,
				65CA88D12002A8CA005E5382 /* LICENSE */,
				65A0B0E2201E097100E5D929 /* Screenshots */,
				65CA88BA20028DB8005E5382 /* CustomizableAlertController */,
				65CA88B920028DB8005E5382 /* Products */,
			);
			sourceTree = "<group>";
		};
		65CA88B920028DB8005E5382 /* Products */ = {
			isa = PBXGroup;
			children = (
				65CA88B820028DB8005E5382 /* CustomizableAlertController.app */,
			);
			name = Products;
			sourceTree = "<group>";
		};
		65CA88BA20028DB8005E5382 /* CustomizableAlertController */ = {
			isa = PBXGroup;
			children = (
				65A0B0E1201DF94400E5D929 /* Extensions */,
				65CA88CD20028DC6005E5382 /* CustomizableAlertController.swift */,
				65CA88BD20028DB8005E5382 /* ViewController.swift */,
				65CA88BF20028DB8005E5382 /* Main.storyboard */,
				65CA88C420028DB8005E5382 /* LaunchScreen.storyboard */,
				65CA88C220028DB8005E5382 /* Assets.xcassets */,
				65CA88BB20028DB8005E5382 /* AppDelegate.swift */,
				65CA88C720028DB9005E5382 /* Info.plist */,
			);
			path = CustomizableAlertController;
			sourceTree = "<group>";
		};
/* End PBXGroup section */

/* Begin PBXNativeTarget section */
		65CA88B720028DB8005E5382 /* CustomizableAlertController */ = {
			isa = PBXNativeTarget;
			buildConfigurationList = 65CA88CA20028DB9005E5382 /* Build configuration list for PBXNativeTarget "CustomizableAlertController" */;
			buildPhases = (
				65CA88B420028DB8005E5382 /* Sources */,
				65CA88B520028DB8005E5382 /* Frameworks */,
				65CA88B620028DB8005E5382 /* Resources */,
			);
			buildRules = (
			);
			dependencies = (
			);
			name = CustomizableAlertController;
			productName = CustomizableAlertController;
			productReference = 65CA88B820028DB8005E5382 /* CustomizableAlertController.app */;
			productType = "com.apple.product-type.application";
		};
/* End PBXNativeTarget section */

/* Begin PBXProject section */
		65CA88B020028DB8005E5382 /* Project object */ = {
			isa = PBXProject;
			attributes = {
				LastSwiftUpdateCheck = 0920;
				LastUpgradeCheck = 0920;
				ORGANIZATIONNAME = "Daniel Illescas Romero";
				TargetAttributes = {
					65CA88B720028DB8005E5382 = {
						CreatedOnToolsVersion = 9.2;
						ProvisioningStyle = Automatic;
					};
				};
			};
			buildConfigurationList = 65CA88B320028DB8005E5382 /* Build configuration list for PBXProject "CustomizableAlertController" */;
			compatibilityVersion = "Xcode 8.0";
			developmentRegion = en;
			hasScannedForEncodings = 0;
			knownRegions = (
				en,
				Base,
			);
			mainGroup = 65CA88AF20028DB8005E5382;
			productRefGroup = 65CA88B920028DB8005E5382 /* Products */;
			projectDirPath = "";
			projectRoot = "";
			targets = (
				65CA88B720028DB8005E5382 /* CustomizableAlertController */,
			);
		};
/* End PBXProject section */

/* Begin PBXResourcesBuildPhase section */
		65CA88B620028DB8005E5382 /* Resources */ = {
			isa = PBXResourcesBuildPhase;
			buildActionMask = 2147483647;
			files = (
				65CA88C620028DB8005E5382 /* LaunchScreen.storyboard in Resources */,
				65CA88C320028DB8005E5382 /* Assets.xcassets in Resources */,
				65CA88D22002A8CA005E5382 /* LICENSE in Resources */,
				65CA88C120028DB8005E5382 /* Main.storyboard in Resources */,
			);
			runOnlyForDeploymentPostprocessing = 0;
		};
/* End PBXResourcesBuildPhase section */

/* Begin PBXSourcesBuildPhase section */
		65CA88B420028DB8005E5382 /* Sources */ = {
			isa = PBXSourcesBuildPhase;
			buildActionMask = 2147483647;
			files = (
				65CA88D020028E3E005E5382 /* UIAlertAction+Extension.swift in Sources */,
				65CA88BE20028DB8005E5382 /* ViewController.swift in Sources */,
				65A0B0DF201DF93000E5D929 /* UIImage+Extension.swift in Sources */,
				65CA88BC20028DB8005E5382 /* AppDelegate.swift in Sources */,
				65CA88CE20028DC6005E5382 /* CustomizableAlertController.swift in Sources */,
			);
			runOnlyForDeploymentPostprocessing = 0;
		};
/* End PBXSourcesBuildPhase section */

/* Begin PBXVariantGroup section */
		65CA88BF20028DB8005E5382 /* Main.storyboard */ = {
			isa = PBXVariantGroup;
			children = (
				65CA88C020028DB8005E5382 /* Base */,
			);
			name = Main.storyboard;
			sourceTree = "<group>";
		};
		65CA88C420028DB8005E5382 /* LaunchScreen.storyboard */ = {
			isa = PBXVariantGroup;
			children = (
				65CA88C520028DB8005E5382 /* Base */,
			);
			name = LaunchScreen.storyboard;
			sourceTree = "<group>";
		};
/* End PBXVariantGroup section */

/* Begin XCBuildConfiguration section */
		65CA88C820028DB9005E5382 /* Debug */ = {
			isa = XCBuildConfiguration;
			buildSettings = {
				ALWAYS_SEARCH_USER_PATHS = NO;
				CLANG_ANALYZER_NONNULL = YES;
				CLANG_ANALYZER_NUMBER_OBJECT_CONVERSION = YES_AGGRESSIVE;
				CLANG_CXX_LANGUAGE_STANDARD = "gnu++14";
				CLANG_CXX_LIBRARY = "libc++";
				CLANG_ENABLE_MODULES = YES;
				CLANG_ENABLE_OBJC_ARC = YES;
				CLANG_WARN_BLOCK_CAPTURE_AUTORELEASING = YES;
				CLANG_WARN_BOOL_CONVERSION = YES;
				CLANG_WARN_COMMA = YES;
				CLANG_WARN_CONSTANT_CONVERSION = YES;
				CLANG_WARN_DIRECT_OBJC_ISA_USAGE = YES_ERROR;
				CLANG_WARN_DOCUMENTATION_COMMENTS = YES;
				CLANG_WARN_EMPTY_BODY = YES;
				CLANG_WARN_ENUM_CONVERSION = YES;
				CLANG_WARN_INFINITE_RECURSION = YES;
				CLANG_WARN_INT_CONVERSION = YES;
				CLANG_WARN_NON_LITERAL_NULL_CONVERSION = YES;
				CLANG_WARN_OBJC_LITERAL_CONVERSION = YES;
				CLANG_WARN_OBJC_ROOT_CLASS = YES_ERROR;
				CLANG_WARN_RANGE_LOOP_ANALYSIS = YES;
				CLANG_WARN_STRICT_PROTOTYPES = YES;
				CLANG_WARN_SUSPICIOUS_MOVE = YES;
				CLANG_WARN_UNGUARDED_AVAILABILITY = YES_AGGRESSIVE;
				CLANG_WARN_UNREACHABLE_CODE = YES;
				CLANG_WARN__DUPLICATE_METHOD_MATCH = YES;
				CODE_SIGN_IDENTITY = "iPhone Developer";
				COPY_PHASE_STRIP = NO;
				DEBUG_INFORMATION_FORMAT = dwarf;
				ENABLE_STRICT_OBJC_MSGSEND = YES;
				ENABLE_TESTABILITY = YES;
				GCC_C_LANGUAGE_STANDARD = gnu11;
				GCC_DYNAMIC_NO_PIC = NO;
				GCC_NO_COMMON_BLOCKS = YES;
				GCC_OPTIMIZATION_LEVEL = 0;
				GCC_PREPROCESSOR_DEFINITIONS = (
					"DEBUG=1",
					"$(inherited)",
				);
				GCC_WARN_64_TO_32_BIT_CONVERSION = YES;
				GCC_WARN_ABOUT_RETURN_TYPE = YES_ERROR;
				GCC_WARN_UNDECLARED_SELECTOR = YES;
				GCC_WARN_UNINITIALIZED_AUTOS = YES_AGGRESSIVE;
				GCC_WARN_UNUSED_FUNCTION = YES;
				GCC_WARN_UNUSED_VARIABLE = YES;
				IPHONEOS_DEPLOYMENT_TARGET = 11.2;
				MTL_ENABLE_DEBUG_INFO = YES;
				ONLY_ACTIVE_ARCH = YES;
				SDKROOT = iphoneos;
				SWIFT_ACTIVE_COMPILATION_CONDITIONS = DEBUG;
				SWIFT_OPTIMIZATION_LEVEL = "-Onone";
			};
			name = Debug;
		};
		65CA88C920028DB9005E5382 /* Release */ = {
			isa = XCBuildConfiguration;
			buildSettings = {
				ALWAYS_SEARCH_USER_PATHS = NO;
				CLANG_ANALYZER_NONNULL = YES;
				CLANG_ANALYZER_NUMBER_OBJECT_CONVERSION = YES_AGGRESSIVE;
				CLANG_CXX_LANGUAGE_STANDARD = "gnu++14";
				CLANG_CXX_LIBRARY = "libc++";
				CLANG_ENABLE_MODULES = YES;
				CLANG_ENABLE_OBJC_ARC = YES;
				CLANG_WARN_BLOCK_CAPTURE_AUTORELEASING = YES;
				CLANG_WARN_BOOL_CONVERSION = YES;
				CLANG_WARN_COMMA = YES;
				CLANG_WARN_CONSTANT_CONVERSION = YES;
				CLANG_WARN_DIRECT_OBJC_ISA_USAGE = YES_ERROR;
				CLANG_WARN_DOCUMENTATION_COMMENTS = YES;
				CLANG_WARN_EMPTY_BODY = YES;
				CLANG_WARN_ENUM_CONVERSION = YES;
				CLANG_WARN_INFINITE_RECURSION = YES;
				CLANG_WARN_INT_CONVERSION = YES;
				CLANG_WARN_NON_LITERAL_NULL_CONVERSION = YES;
				CLANG_WARN_OBJC_LITERAL_CONVERSION = YES;
				CLANG_WARN_OBJC_ROOT_CLASS = YES_ERROR;
				CLANG_WARN_RANGE_LOOP_ANALYSIS = YES;
				CLANG_WARN_STRICT_PROTOTYPES = YES;
				CLANG_WARN_SUSPICIOUS_MOVE = YES;
				CLANG_WARN_UNGUARDED_AVAILABILITY = YES_AGGRESSIVE;
				CLANG_WARN_UNREACHABLE_CODE = YES;
				CLANG_WARN__DUPLICATE_METHOD_MATCH = YES;
				CODE_SIGN_IDENTITY = "iPhone Developer";
				COPY_PHASE_STRIP = NO;
				DEBUG_INFORMATION_FORMAT = "dwarf-with-dsym";
				ENABLE_NS_ASSERTIONS = NO;
				ENABLE_STRICT_OBJC_MSGSEND = YES;
				GCC_C_LANGUAGE_STANDARD = gnu11;
				GCC_NO_COMMON_BLOCKS = YES;
				GCC_WARN_64_TO_32_BIT_CONVERSION = YES;
				GCC_WARN_ABOUT_RETURN_TYPE = YES_ERROR;
				GCC_WARN_UNDECLARED_SELECTOR = YES;
				GCC_WARN_UNINITIALIZED_AUTOS = YES_AGGRESSIVE;
				GCC_WARN_UNUSED_FUNCTION = YES;
				GCC_WARN_UNUSED_VARIABLE = YES;
				IPHONEOS_DEPLOYMENT_TARGET = 11.2;
				MTL_ENABLE_DEBUG_INFO = NO;
				SDKROOT = iphoneos;
				SWIFT_OPTIMIZATION_LEVEL = "-Owholemodule";
				VALIDATE_PRODUCT = YES;
			};
			name = Release;
		};
		65CA88CB20028DB9005E5382 /* Debug */ = {
			isa = XCBuildConfiguration;
			buildSettings = {
				ASSETCATALOG_COMPILER_APPICON_NAME = AppIcon;
				CODE_SIGN_STYLE = Automatic;
				DEVELOPMENT_TEAM = PRK6268SLD;
				INFOPLIST_FILE = CustomizableAlertController/Info.plist;
				LD_RUNPATH_SEARCH_PATHS = "$(inherited) @executable_path/Frameworks";
				PRODUCT_BUNDLE_IDENTIFIER = com.illescasDaniel.CustomizableAlertController;
				PRODUCT_NAME = "$(TARGET_NAME)";
				SWIFT_VERSION = 4.0;
				TARGETED_DEVICE_FAMILY = "1,2";
			};
			name = Debug;
		};
		65CA88CC20028DB9005E5382 /* Release */ = {
			isa = XCBuildConfiguration;
			buildSettings = {
				ASSETCATALOG_COMPILER_APPICON_NAME = AppIcon;
				CODE_SIGN_STYLE = Automatic;
				DEVELOPMENT_TEAM = PRK6268SLD;
				INFOPLIST_FILE = CustomizableAlertController/Info.plist;
				LD_RUNPATH_SEARCH_PATHS = "$(inherited) @executable_path/Frameworks";
				PRODUCT_BUNDLE_IDENTIFIER = com.illescasDaniel.CustomizableAlertController;
				PRODUCT_NAME = "$(TARGET_NAME)";
				SWIFT_VERSION = 4.0;
				TARGETED_DEVICE_FAMILY = "1,2";
			};
			name = Release;
		};
/* End XCBuildConfiguration section */

/* Begin XCConfigurationList section */
		65CA88B320028DB8005E5382 /* Build configuration list for PBXProject "CustomizableAlertController" */ = {
			isa = XCConfigurationList;
			buildConfigurations = (
				65CA88C820028DB9005E5382 /* Debug */,
				65CA88C920028DB9005E5382 /* Release */,
			);
			defaultConfigurationIsVisible = 0;
			defaultConfigurationName = Release;
		};
		65CA88CA20028DB9005E5382 /* Build configuration list for PBXNativeTarget "CustomizableAlertController" */ = {
			isa = XCConfigurationList;
			buildConfigurations = (
				65CA88CB20028DB9005E5382 /* Debug */,
				65CA88CC20028DB9005E5382 /* Release */,
			);
			defaultConfigurationIsVisible = 0;
			defaultConfigurationName = Release;
		};
/* End XCConfigurationList section */
	};
	rootObject = 65CA88B020028DB8005E5382 /* Project object */;
}
